
Microsoft Visual Studio Solution File, Format Version 12.00
# Visual Studio 15
VisualStudioVersion = 15.0.27130.2010
MinimumVisualStudioVersion = 10.0.40219.1
Project("{FAE04EC0-301F-11D3-BF4B-00C04F79EFBC}") = "DevGeniusFinance", "DevGeniusFinance\DevGeniusFinance.csproj", "{B532E00E-856B-4D9B-A35B-E6C87109A1F2}"
EndProject
Project("{FAE04EC0-301F-11D3-BF4B-00C04F79EFBC}") = "DevGeniusFinance.Tests", "DevGeniusFinance.Tests\DevGeniusFinance.Tests.csproj", "{175FD939-AEE7-4041-8AAD-2C12B773A934}"
EndProject
Global
	GlobalSection(SolutionConfigurationPlatforms) = preSolution
		Debug|Any CPU = Debug|Any CPU
		Release|Any CPU = Release|Any CPU
	EndGlobalSection
	GlobalSection(ProjectConfigurationPlatforms) = postSolution
		{B532E00E-856B-4D9B-A35B-E6C87109A1F2}.Debug|Any CPU.ActiveCfg = Debug|Any CPU
		{B532E00E-856B-4D9B-A35B-E6C87109A1F2}.Debug|Any CPU.Build.0 = Debug|Any CPU
		{B532E00E-856B-4D9B-A35B-E6C87109A1F2}.Release|Any CPU.ActiveCfg = Release|Any CPU
		{B532E00E-856B-4D9B-A35B-E6C87109A1F2}.Release|Any CPU.Build.0 = Release|Any CPU
		{175FD939-AEE7-4041-8AAD-2C12B773A934}.Debug|Any CPU.ActiveCfg = Debug|Any CPU
		{175FD939-AEE7-4041-8AAD-2C12B773A934}.Debug|Any CPU.Build.0 = Debug|Any CPU
		{175FD939-AEE7-4041-8AAD-2C12B773A934}.Release|Any CPU.ActiveCfg = Release|Any CPU
		{175FD939-AEE7-4041-8AAD-2C12B773A934}.Release|Any CPU.Build.0 = Release|Any CPU
	EndGlobalSection
	GlobalSection(SolutionProperties) = preSolution
		HideSolutionNode = FALSE
	EndGlobalSection
	GlobalSection(ExtensibilityGlobals) = postSolution
		SolutionGuid = {65EBBFD2-FE56-462B-A9F0-4FB1265EA6DB}
	EndGlobalSection
EndGlobal
